
Microsoft Visual Studio Solution File, Format Version 12.00
# Visual Studio 15
VisualStudioVersion = 15.0.27703.2042
MinimumVisualStudioVersion = 10.0.40219.1
Project("{FAE04EC0-301F-11D3-BF4B-00C04F79EFBC}") = "CurrencyExchange", "CurrencyExchange\CurrencyExchange.csproj", "{C3F7B539-51D1-44C4-BC85-13EA831E8A94}"
EndProject
Global
	GlobalSection(SolutionConfigurationPlatforms) = preSolution
		Debug|Any CPU = Debug|Any CPU
		Release|Any CPU = Release|Any CPU
	EndGlobalSection
	GlobalSection(ProjectConfigurationPlatforms) = postSolution
		{C3F7B539-51D1-44C4-BC85-13EA831E8A94}.Debug|Any CPU.ActiveCfg = Debug|Any CPU
		{C3F7B539-51D1-44C4-BC85-13EA831E8A94}.Debug|Any CPU.Build.0 = Debug|Any CPU
		{C3F7B539-51D1-44C4-BC85-13EA831E8A94}.Release|Any CPU.ActiveCfg = Release|Any CPU
		{C3F7B539-51D1-44C4-BC85-13EA831E8A94}.Release|Any CPU.Build.0 = Release|Any CPU
	EndGlobalSection
	GlobalSection(SolutionProperties) = preSolution
		HideSolutionNode = FALSE
	EndGlobalSection
	GlobalSection(ExtensibilityGlobals) = postSolution
		SolutionGuid = {E1CC6F9A-56BB-4554-92F7-5E5A2902BB54}
	EndGlobalSection
EndGlobal
